// !$*UTF8*$!
{
	archiveVersion = 1;
	classes = {
	};
	objectVersion = 77;
	objects = {

/* Begin PBXBuildFile section */
		B66F02B72EFC370C007B0E79 /* QuestionModalView.swift in Sources */ = {isa = PBXBuildFile; fileRef = B66F02B52EFC370C007B0E79 /* QuestionModalView.swift */; };
		B66F02B82EFC370C007B0E79 /* QuestionContentView.swift in Sources */ = {isa = PBXBuildFile; fileRef = B66F02B42EFC370C007B0E79 /* QuestionContentView.swift */; };
		B66F02B92EFC370C007B0E79 /* ResultContentView.swift in Sources */ = {isa = PBXBuildFile; fileRef = B66F02B62EFC370C007B0E79 /* ResultContentView.swift */; };
		B66F02CB2F006EE2007B0E79 /* GameProgressSettingsView.swift in Sources */ = {isa = PBXBuildFile; fileRef = B66F02C62F006EE2007B0E79 /* GameProgressSettingsView.swift */; };
		B66F02CC2F006EE2007B0E79 /* AppIconSettingsView.swift in Sources */ = {isa = PBXBuildFile; fileRef = B66F02C32F006EE2007B0E79 /* AppIconSettingsView.swift */; };
		B66F02CD2F006EE2007B0E79 /* UsernameSettingsView.swift in Sources */ = {isa = PBXBuildFile; fileRef = B66F02C92F006EE2007B0E79 /* UsernameSettingsView.swift */; };
		B66F02CE2F006EE2007B0E79 /* DifficultySettingsView.swift in Sources */ = {isa = PBXBuildFile; fileRef = B66F02C42F006EE2007B0E79 /* DifficultySettingsView.swift */; };
		B66F02CF2F006EE2007B0E79 /* AnalyticsSettingsView.swift in Sources */ = {isa = PBXBuildFile; fileRef = B66F02C22F006EE2007B0E79 /* AnalyticsSettingsView.swift */; };
		B66F02D02F006EE2007B0E79 /* PopupDurationSettingsView.swift in Sources */ = {isa = PBXBuildFile; fileRef = B66F02C82F006EE2007B0E79 /* PopupDurationSettingsView.swift */; };
		B66F02D12F006EE2007B0E79 /* HapticsSettingsView.swift in Sources */ = {isa = PBXBuildFile; fileRef = B66F02C72F006EE2007B0E79 /* HapticsSettingsView.swift */; };
		B66F02D22F006EE2007B0E79 /* GameModesSettingsView.swift in Sources */ = {isa = PBXBuildFile; fileRef = B66F02C52F006EE2007B0E79 /* GameModesSettingsView.swift */; };
		B66F02D42F02EDD8007B0E79 /* questions_expansions.json in Resources */ = {isa = PBXBuildFile; fileRef = B66F02D32F02EDD8007B0E79 /* questions_expansions.json */; };
		B66F02DC2F043F6E007B0E79 /* PhobiaSettingsView.swift in Sources */ = {isa = PBXBuildFile; fileRef = B66F02DB2F043F6E007B0E79 /* PhobiaSettingsView.swift */; };
		B66F02DF2F04BE1C007B0E79 /* SecondaryOnboardingView.swift in Sources */ = {isa = PBXBuildFile; fileRef = B66F02DD2F04BE1C007B0E79 /* SecondaryOnboardingView.swift */; };
		B66F02E02F04BE1C007B0E79 /* WhatsNewView.swift in Sources */ = {isa = PBXBuildFile; fileRef = B66F02DE2F04BE1C007B0E79 /* WhatsNewView.swift */; };
		B66F02F02F05742A007B0E79 /* StoreManager.swift in Sources */ = {isa = PBXBuildFile; fileRef = B66F02EF2F05742A007B0E79 /* StoreManager.swift */; };
		B66F02F22F057440007B0E79 /* StoreView.swift in Sources */ = {isa = PBXBuildFile; fileRef = B66F02F12F057440007B0E79 /* StoreView.swift */; };
		B66F02F42F057461007B0E79 /* Configuration.storekit in Resources */ = {isa = PBXBuildFile; fileRef = B66F02F32F057461007B0E79 /* Configuration.storekit */; };
		B66F03072F05A34E007B0E79 /* DiscountCodeManager.swift in Sources */ = {isa = PBXBuildFile; fileRef = B66F03062F05A34E007B0E79 /* DiscountCodeManager.swift */; };
		B66F03082F05A34E007B0E79 /* CartManager.swift in Sources */ = {isa = PBXBuildFile; fileRef = B66F03052F05A34E007B0E79 /* CartManager.swift */; };
		B66F030A2F05A356007B0E79 /* CartView.swift in Sources */ = {isa = PBXBuildFile; fileRef = B66F03092F05A356007B0E79 /* CartView.swift */; };
		B68C5A8A2EBD2BA700C2A449 /* TriviaModels.swift in Sources */ = {isa = PBXBuildFile; fileRef = B68C5A752EBD2A5400C2A449 /* TriviaModels.swift */; };
		B68C5A8B2EBD2BB200C2A449 /* questions.json in Resources */ = {isa = PBXBuildFile; fileRef = B68C5A772EBD2A5400C2A449 /* questions.json */; };
		B68C5A8D2EBD2BBC00C2A449 /* AccessibilityHelpers.swift in Sources */ = {isa = PBXBuildFile; fileRef = B68C5A7A2EBD2A5400C2A449 /* AccessibilityHelpers.swift */; };
		B68C5A8E2EBD2BC100C2A449 /* FizColors.swift in Sources */ = {isa = PBXBuildFile; fileRef = B68C5A7B2EBD2A5400C2A449 /* FizColors.swift */; };
		B68C5A8F2EBD2BC500C2A449 /* HapticManager.swift in Sources */ = {isa = PBXBuildFile; fileRef = B68C5A7C2EBD2A5400C2A449 /* HapticManager.swift */; };
		B68C5A902EBD2BCF00C2A449 /* GameViewModel.swift in Sources */ = {isa = PBXBuildFile; fileRef = B68C5A7E2EBD2A5400C2A449 /* GameViewModel.swift */; };
		B68C5A912EBD2BD300C2A449 /* CategoryWheelView.swift in Sources */ = {isa = PBXBuildFile; fileRef = B68C5A802EBD2A5400C2A449 /* CategoryWheelView.swift */; };
		B68C5A922EBD2BD700C2A449 /* LeaderboardView.swift in Sources */ = {isa = PBXBuildFile; fileRef = B68C5A812EBD2A5400C2A449 /* LeaderboardView.swift */; };
		B68C5A932EBD2BDB00C2A449 /* OnboardingView.swift in Sources */ = {isa = PBXBuildFile; fileRef = B68C5A822EBD2A5400C2A449 /* OnboardingView.swift */; };
		B68C5A942EBD2BDF00C2A449 /* SettingsView.swift in Sources */ = {isa = PBXBuildFile; fileRef = B68C5A832EBD2A5400C2A449 /* SettingsView.swift */; };
		B68C5A952EBD2BE300C2A449 /* ContentView.swift in Sources */ = {isa = PBXBuildFile; fileRef = B68C5A862EBD2A5400C2A449 /* ContentView.swift */; };
		B68C5A962EBD2C8800C2A449 /* Assets.xcassets in Resources */ = {isa = PBXBuildFile; fileRef = B68C5A852EBD2A5400C2A449 /* Assets.xcassets */; };
		B68C5A9B2EBD409B00C2A449 /* FizApp.swift in Sources */ = {isa = PBXBuildFile; fileRef = B68C5A9A2EBD409B00C2A449 /* FizApp.swift */; };
		B68C7EF52F1ECFE800B8C5C5 /* StoreKit.framework in Frameworks */ = {isa = PBXBuildFile; fileRef = B68C7EF42F1ECFE800B8C5C5 /* StoreKit.framework */; };
		B699B5FC2EBE3CA4001AF50D /* ButtonStyles.swift in Sources */ = {isa = PBXBuildFile; fileRef = B699B5FB2EBE3CA4001AF50D /* ButtonStyles.swift */; };
		B6B0E35C2EC5018C007873A8 /* PostHog in Frameworks */ = {isa = PBXBuildFile; productRef = B6B0E35B2EC5018C007873A8 /* PostHog */; };
		B6B0E35E2EC501BA007873A8 /* AnalyticsManager.swift in Sources */ = {isa = PBXBuildFile; fileRef = B6B0E35D2EC501BA007873A8 /* AnalyticsManager.swift */; };
		B6B0E3782EC5075F007873A8 /* AppIcon-NewHighScore.png in Resources */ = {isa = PBXBuildFile; fileRef = B6B0E3722EC5075F007873A8 /* AppIcon-NewHighScore.png */; };
		B6B0E3792EC5075F007873A8 /* AppIcon-Leaderboard@2x.png in Resources */ = {isa = PBXBuildFile; fileRef = B6B0E3702EC5075F007873A8 /* AppIcon-Leaderboard@2x.png */; };
		B6B0E37A2EC5075F007873A8 /* AppIcon-HappySmirk@3x.png in Resources */ = {isa = PBXBuildFile; fileRef = B6B0E36B2EC5075F007873A8 /* AppIcon-HappySmirk@3x.png */; };
		B6B0E37B2EC5075F007873A8 /* AppIcon-NewHighScore@2x.png in Resources */ = {isa = PBXBuildFile; fileRef = B6B0E3732EC5075F007873A8 /* AppIcon-NewHighScore@2x.png */; };
		B6B0E37C2EC5075F007873A8 /* AppIcon-RegularPose@3x.png in Resources */ = {isa = PBXBuildFile; fileRef = B6B0E3772EC5075F007873A8 /* AppIcon-RegularPose@3x.png */; };
		B6B0E37D2EC5075F007873A8 /* AppIcon-HappySmirk@2x.png in Resources */ = {isa = PBXBuildFile; fileRef = B6B0E36A2EC5075F007873A8 /* AppIcon-HappySmirk@2x.png */; };
		B6B0E37E2EC5075F007873A8 /* AppIcon-Incorrect.png in Resources */ = {isa = PBXBuildFile; fileRef = B6B0E36C2EC5075F007873A8 /* AppIcon-Incorrect.png */; };
		B6B0E37F2EC5075F007873A8 /* AppIcon-Leaderboard@3x.png in Resources */ = {isa = PBXBuildFile; fileRef = B6B0E3712EC5075F007873A8 /* AppIcon-Leaderboard@3x.png */; };
		B6B0E3802EC5075F007873A8 /* AppIcon-RegularPose@2x.png in Resources */ = {isa = PBXBuildFile; fileRef = B6B0E3762EC5075F007873A8 /* AppIcon-RegularPose@2x.png */; };
		B6B0E3812EC5075F007873A8 /* AppIcon-Leaderboard.png in Resources */ = {isa = PBXBuildFile; fileRef = B6B0E36F2EC5075F007873A8 /* AppIcon-Leaderboard.png */; };
		B6B0E3822EC5075F007873A8 /* AppIcon-HappySmirk.png in Resources */ = {isa = PBXBuildFile; fileRef = B6B0E3692EC5075F007873A8 /* AppIcon-HappySmirk.png */; };
		B6B0E3832EC5075F007873A8 /* AppIcon-Incorrect@3x.png in Resources */ = {isa = PBXBuildFile; fileRef = B6B0E36E2EC5075F007873A8 /* AppIcon-Incorrect@3x.png */; };
		B6B0E3842EC5075F007873A8 /* AppIcon-NewHighScore@3x.png in Resources */ = {isa = PBXBuildFile; fileRef = B6B0E3742EC5075F007873A8 /* AppIcon-NewHighScore@3x.png */; };
		B6B0E3852EC5075F007873A8 /* AppIcon-RegularPose.png in Resources */ = {isa = PBXBuildFile; fileRef = B6B0E3752EC5075F007873A8 /* AppIcon-RegularPose.png */; };
		B6B0E3862EC5075F007873A8 /* AppIcon-Incorrect@2x.png in Resources */ = {isa = PBXBuildFile; fileRef = B6B0E36D2EC5075F007873A8 /* AppIcon-Incorrect@2x.png */; };
		B6E1CF722ED7B1380021D4B3 /* QuestionHistoryView.swift in Sources */ = {isa = PBXBuildFile; fileRef = B6E1CF712ED7B1380021D4B3 /* QuestionHistoryView.swift */; };
/* End PBXBuildFile section */

/* Begin PBXContainerItemProxy section */
		B66F14E42E4B7DF400C426E5 /* PBXContainerItemProxy */ = {
			isa = PBXContainerItemProxy;
			containerPortal = B66F14CC2E4B7DF200C426E5 /* Project object */;
			proxyType = 1;
			remoteGlobalIDString = B66F14D32E4B7DF200C426E5;
			remoteInfo = "E5 Trivia";
		};
		B66F14EE2E4B7DF400C426E5 /* PBXContainerItemProxy */ = {
			isa = PBXContainerItemProxy;
			containerPortal = B66F14CC2E4B7DF200C426E5 /* Project object */;
			proxyType = 1;
			remoteGlobalIDString = B66F14D32E4B7DF200C426E5;
			remoteInfo = "E5 Trivia";
		};
/* End PBXContainerItemProxy section */

/* Begin PBXFileReference section */
		B66F02B42EFC370C007B0E79 /* QuestionContentView.swift */ = {isa = PBXFileReference; lastKnownFileType = sourcecode.swift; path = QuestionContentView.swift; sourceTree = "<group>"; };
		B66F02B52EFC370C007B0E79 /* QuestionModalView.swift */ = {isa = PBXFileReference; lastKnownFileType = sourcecode.swift; path = QuestionModalView.swift; sourceTree = "<group>"; };
		B66F02B62EFC370C007B0E79 /* ResultContentView.swift */ = {isa = PBXFileReference; lastKnownFileType = sourcecode.swift; path = ResultContentView.swift; sourceTree = "<group>"; };
		B66F02C22F006EE2007B0E79 /* AnalyticsSettingsView.swift */ = {isa = PBXFileReference; lastKnownFileType = sourcecode.swift; path = AnalyticsSettingsView.swift; sourceTree = "<group>"; };
		B66F02C32F006EE2007B0E79 /* AppIconSettingsView.swift */ = {isa = PBXFileReference; lastKnownFileType = sourcecode.swift; path = AppIconSettingsView.swift; sourceTree = "<group>"; };
		B66F02C42F006EE2007B0E79 /* DifficultySettingsView.swift */ = {isa = PBXFileReference; lastKnownFileType = sourcecode.swift; path = DifficultySettingsView.swift; sourceTree = "<group>"; };
		B66F02C52F006EE2007B0E79 /* GameModesSettingsView.swift */ = {isa = PBXFileReference; lastKnownFileType = sourcecode.swift; path = GameModesSettingsView.swift; sourceTree = "<group>"; };
		B66F02C62F006EE2007B0E79 /* GameProgressSettingsView.swift */ = {isa = PBXFileReference; lastKnownFileType = sourcecode.swift; path = GameProgressSettingsView.swift; sourceTree = "<group>"; };
		B66F02C72F006EE2007B0E79 /* HapticsSettingsView.swift */ = {isa = PBXFileReference; lastKnownFileType = sourcecode.swift; path = HapticsSettingsView.swift; sourceTree = "<group>"; };
		B66F02C82F006EE2007B0E79 /* PopupDurationSettingsView.swift */ = {isa = PBXFileReference; lastKnownFileType = sourcecode.swift; path = PopupDurationSettingsView.swift; sourceTree = "<group>"; };
		B66F02C92F006EE2007B0E79 /* UsernameSettingsView.swift */ = {isa = PBXFileReference; lastKnownFileType = sourcecode.swift; path = UsernameSettingsView.swift; sourceTree = "<group>"; };
		B66F02D32F02EDD8007B0E79 /* questions_expansions.json */ = {isa = PBXFileReference; lastKnownFileType = text.json; path = questions_expansions.json; sourceTree = "<group>"; };
		B66F02DB2F043F6E007B0E79 /* PhobiaSettingsView.swift */ = {isa = PBXFileReference; lastKnownFileType = sourcecode.swift; path = PhobiaSettingsView.swift; sourceTree = "<group>"; };
		B66F02DD2F04BE1C007B0E79 /* SecondaryOnboardingView.swift */ = {isa = PBXFileReference; lastKnownFileType = sourcecode.swift; path = SecondaryOnboardingView.swift; sourceTree = "<group>"; };
		B66F02DE2F04BE1C007B0E79 /* WhatsNewView.swift */ = {isa = PBXFileReference; lastKnownFileType = sourcecode.swift; path = WhatsNewView.swift; sourceTree = "<group>"; };
		B66F02EF2F05742A007B0E79 /* StoreManager.swift */ = {isa = PBXFileReference; lastKnownFileType = sourcecode.swift; path = StoreManager.swift; sourceTree = "<group>"; };
		B66F02F12F057440007B0E79 /* StoreView.swift */ = {isa = PBXFileReference; lastKnownFileType = sourcecode.swift; path = StoreView.swift; sourceTree = "<group>"; };
		B66F02F32F057461007B0E79 /* Configuration.storekit */ = {isa = PBXFileReference; lastKnownFileType = text; path = Configuration.storekit; sourceTree = "<group>"; };
		B66F03052F05A34E007B0E79 /* CartManager.swift */ = {isa = PBXFileReference; lastKnownFileType = sourcecode.swift; path = CartManager.swift; sourceTree = "<group>"; };
		B66F03062F05A34E007B0E79 /* DiscountCodeManager.swift */ = {isa = PBXFileReference; lastKnownFileType = sourcecode.swift; path = DiscountCodeManager.swift; sourceTree = "<group>"; };
		B66F03092F05A356007B0E79 /* CartView.swift */ = {isa = PBXFileReference; lastKnownFileType = sourcecode.swift; path = CartView.swift; sourceTree = "<group>"; };
		B66F14D42E4B7DF200C426E5 /* Fiz.app */ = {isa = PBXFileReference; explicitFileType = wrapper.application; includeInIndex = 0; path = Fiz.app; sourceTree = BUILT_PRODUCTS_DIR; };
		B66F14E32E4B7DF400C426E5 /* FizTests.xctest */ = {isa = PBXFileReference; explicitFileType = wrapper.cfbundle; includeInIndex = 0; path = FizTests.xctest; sourceTree = BUILT_PRODUCTS_DIR; };
		B66F14ED2E4B7DF400C426E5 /* FizUITests.xctest */ = {isa = PBXFileReference; explicitFileType = wrapper.cfbundle; includeInIndex = 0; path = FizUITests.xctest; sourceTree = BUILT_PRODUCTS_DIR; };
		B68C5A752EBD2A5400C2A449 /* TriviaModels.swift */ = {isa = PBXFileReference; lastKnownFileType = sourcecode.swift; path = TriviaModels.swift; sourceTree = "<group>"; };
		B68C5A772EBD2A5400C2A449 /* questions.json */ = {isa = PBXFileReference; lastKnownFileType = text.json; path = questions.json; sourceTree = "<group>"; };
		B68C5A7A2EBD2A5400C2A449 /* AccessibilityHelpers.swift */ = {isa = PBXFileReference; lastKnownFileType = sourcecode.swift; path = AccessibilityHelpers.swift; sourceTree = "<group>"; };
		B68C5A7B2EBD2A5400C2A449 /* FizColors.swift */ = {isa = PBXFileReference; lastKnownFileType = sourcecode.swift; path = FizColors.swift; sourceTree = "<group>"; };
		B68C5A7C2EBD2A5400C2A449 /* HapticManager.swift */ = {isa = PBXFileReference; lastKnownFileType = sourcecode.swift; path = HapticManager.swift; sourceTree = "<group>"; };
		B68C5A7E2EBD2A5400C2A449 /* GameViewModel.swift */ = {isa = PBXFileReference; lastKnownFileType = sourcecode.swift; path = GameViewModel.swift; sourceTree = "<group>"; };
		B68C5A802EBD2A5400C2A449 /* CategoryWheelView.swift */ = {isa = PBXFileReference; lastKnownFileType = sourcecode.swift; path = CategoryWheelView.swift; sourceTree = "<group>"; };
		B68C5A812EBD2A5400C2A449 /* LeaderboardView.swift */ = {isa = PBXFileReference; lastKnownFileType = sourcecode.swift; path = LeaderboardView.swift; sourceTree = "<group>"; };
		B68C5A822EBD2A5400C2A449 /* OnboardingView.swift */ = {isa = PBXFileReference; lastKnownFileType = sourcecode.swift; path = OnboardingView.swift; sourceTree = "<group>"; };
		B68C5A832EBD2A5400C2A449 /* SettingsView.swift */ = {isa = PBXFileReference; lastKnownFileType = sourcecode.swift; path = SettingsView.swift; sourceTree = "<group>"; };
		B68C5A852EBD2A5400C2A449 /* Assets.xcassets */ = {isa = PBXFileReference; lastKnownFileType = folder.assetcatalog; path = Assets.xcassets; sourceTree = "<group>"; };
		B68C5A862EBD2A5400C2A449 /* ContentView.swift */ = {isa = PBXFileReference; lastKnownFileType = sourcecode.swift; path = ContentView.swift; sourceTree = "<group>"; };
		B68C5A972EBD408200C2A449 /* FizUITests.swift */ = {isa = PBXFileReference; lastKnownFileType = sourcecode.swift; path = FizUITests.swift; sourceTree = "<group>"; };
		B68C5A982EBD408200C2A449 /* FizUITestsLaunchTests.swift */ = {isa = PBXFileReference; lastKnownFileType = sourcecode.swift; path = FizUITestsLaunchTests.swift; sourceTree = "<group>"; };
		B68C5A992EBD409000C2A449 /* FizTests.swift */ = {isa = PBXFileReference; lastKnownFileType = sourcecode.swift; path = FizTests.swift; sourceTree = "<group>"; };
		B68C5A9A2EBD409B00C2A449 /* FizApp.swift */ = {isa = PBXFileReference; lastKnownFileType = sourcecode.swift; path = FizApp.swift; sourceTree = "<group>"; };
		B68C7EF42F1ECFE800B8C5C5 /* StoreKit.framework */ = {isa = PBXFileReference; lastKnownFileType = wrapper.framework; name = StoreKit.framework; path = System/Library/Frameworks/StoreKit.framework; sourceTree = SDKROOT; };
		B699B5FB2EBE3CA4001AF50D /* ButtonStyles.swift */ = {isa = PBXFileReference; lastKnownFileType = sourcecode.swift; path = ButtonStyles.swift; sourceTree = "<group>"; };
		B699B6012EBE4A79001AF50D /* Info.plist */ = {isa = PBXFileReference; lastKnownFileType = text.plist; path = Info.plist; sourceTree = "<group>"; };
		B6B0E35D2EC501BA007873A8 /* AnalyticsManager.swift */ = {isa = PBXFileReference; lastKnownFileType = sourcecode.swift; path = AnalyticsManager.swift; sourceTree = "<group>"; };
		B6B0E3692EC5075F007873A8 /* AppIcon-HappySmirk.png */ = {isa = PBXFileReference; lastKnownFileType = image.png; path = "AppIcon-HappySmirk.png"; sourceTree = "<group>"; };
		B6B0E36A2EC5075F007873A8 /* AppIcon-HappySmirk@2x.png */ = {isa = PBXFileReference; lastKnownFileType = image.png; path = "AppIcon-HappySmirk@2x.png"; sourceTree = "<group>"; };
		B6B0E36B2EC5075F007873A8 /* AppIcon-HappySmirk@3x.png */ = {isa = PBXFileReference; lastKnownFileType = image.png; path = "AppIcon-HappySmirk@3x.png"; sourceTree = "<group>"; };
		B6B0E36C2EC5075F007873A8 /* AppIcon-Incorrect.png */ = {isa = PBXFileReference; lastKnownFileType = image.png; path = "AppIcon-Incorrect.png"; sourceTree = "<group>"; };
		B6B0E36D2EC5075F007873A8 /* AppIcon-Incorrect@2x.png */ = {isa = PBXFileReference; lastKnownFileType = image.png; path = "AppIcon-Incorrect@2x.png"; sourceTree = "<group>"; };
		B6B0E36E2EC5075F007873A8 /* AppIcon-Incorrect@3x.png */ = {isa = PBXFileReference; lastKnownFileType = image.png; path = "AppIcon-Incorrect@3x.png"; sourceTree = "<group>"; };
		B6B0E36F2EC5075F007873A8 /* AppIcon-Leaderboard.png */ = {isa = PBXFileReference; lastKnownFileType = image.png; path = "AppIcon-Leaderboard.png"; sourceTree = "<group>"; };
		B6B0E3702EC5075F007873A8 /* AppIcon-Leaderboard@2x.png */ = {isa = PBXFileReference; lastKnownFileType = image.png; path = "AppIcon-Leaderboard@2x.png"; sourceTree = "<group>"; };
		B6B0E3712EC5075F007873A8 /* AppIcon-Leaderboard@3x.png */ = {isa = PBXFileReference; lastKnownFileType = image.png; path = "AppIcon-Leaderboard@3x.png"; sourceTree = "<group>"; };
		B6B0E3722EC5075F007873A8 /* AppIcon-NewHighScore.png */ = {isa = PBXFileReference; lastKnownFileType = image.png; path = "AppIcon-NewHighScore.png"; sourceTree = "<group>"; };
		B6B0E3732EC5075F007873A8 /* AppIcon-NewHighScore@2x.png */ = {isa = PBXFileReference; lastKnownFileType = image.png; path = "AppIcon-NewHighScore@2x.png"; sourceTree = "<group>"; };
		B6B0E3742EC5075F007873A8 /* AppIcon-NewHighScore@3x.png */ = {isa = PBXFileReference; lastKnownFileType = image.png; path = "AppIcon-NewHighScore@3x.png"; sourceTree = "<group>"; };
		B6B0E3752EC5075F007873A8 /* AppIcon-RegularPose.png */ = {isa = PBXFileReference; lastKnownFileType = image.png; path = "AppIcon-RegularPose.png"; sourceTree = "<group>"; };
		B6B0E3762EC5075F007873A8 /* AppIcon-RegularPose@2x.png */ = {isa = PBXFileReference; lastKnownFileType = image.png; path = "AppIcon-RegularPose@2x.png"; sourceTree = "<group>"; };
		B6B0E3772EC5075F007873A8 /* AppIcon-RegularPose@3x.png */ = {isa = PBXFileReference; lastKnownFileType = image.png; path = "AppIcon-RegularPose@3x.png"; sourceTree = "<group>"; };
		B6E1CF712ED7B1380021D4B3 /* QuestionHistoryView.swift */ = {isa = PBXFileReference; lastKnownFileType = sourcecode.swift; path = QuestionHistoryView.swift; sourceTree = "<group>"; };
/* End PBXFileReference section */

/* Begin PBXFileSystemSynchronizedRootGroup section */
		B66F02F52F0577EE007B0E79 /* Expansion Packs */ = {
			isa = PBXFileSystemSynchronizedRootGroup;
			path = "Expansion Packs";
			sourceTree = "<group>";
		};
/* End PBXFileSystemSynchronizedRootGroup section */

/* Begin PBXFrameworksBuildPhase section */
		B66F14D12E4B7DF200C426E5 /* Frameworks */ = {
			isa = PBXFrameworksBuildPhase;
			buildActionMask = 2147483647;
			files = (
				B6B0E35C2EC5018C007873A8 /* PostHog in Frameworks */,
				B68C7EF52F1ECFE800B8C5C5 /* StoreKit.framework in Frameworks */,
			);
			runOnlyForDeploymentPostprocessing = 0;
		};
		B66F14E02E4B7DF400C426E5 /* Frameworks */ = {
			isa = PBXFrameworksBuildPhase;
			buildActionMask = 2147483647;
			files = (
			);
			runOnlyForDeploymentPostprocessing = 0;
		};
		B66F14EA2E4B7DF400C426E5 /* Frameworks */ = {
			isa = PBXFrameworksBuildPhase;
			buildActionMask = 2147483647;
			files = (
			);
			runOnlyForDeploymentPostprocessing = 0;
		};
/* End PBXFrameworksBuildPhase section */

/* Begin PBXGroup section */
		B66F02CA2F006EE2007B0E79 /* Settings */ = {
			isa = PBXGroup;
			children = (
				B66F02C22F006EE2007B0E79 /* AnalyticsSettingsView.swift */,
				B66F02C32F006EE2007B0E79 /* AppIconSettingsView.swift */,
				B66F02C42F006EE2007B0E79 /* DifficultySettingsView.swift */,
				B66F02C52F006EE2007B0E79 /* GameModesSettingsView.swift */,
				B66F02C62F006EE2007B0E79 /* GameProgressSettingsView.swift */,
				B66F02C72F006EE2007B0E79 /* HapticsSettingsView.swift */,
				B66F02C82F006EE2007B0E79 /* PopupDurationSettingsView.swift */,
				B66F02C92F006EE2007B0E79 /* UsernameSettingsView.swift */,
				B66F02DB2F043F6E007B0E79 /* PhobiaSettingsView.swift */,
			);
			path = Settings;
			sourceTree = "<group>";
		};
		B66F14CB2E4B7DF200C426E5 = {
			isa = PBXGroup;
			children = (
				B6B0E3692EC5075F007873A8 /* AppIcon-HappySmirk.png */,
				B6B0E36A2EC5075F007873A8 /* AppIcon-HappySmirk@2x.png */,
				B6B0E36B2EC5075F007873A8 /* AppIcon-HappySmirk@3x.png */,
				B6B0E36C2EC5075F007873A8 /* AppIcon-Incorrect.png */,
				B6B0E36D2EC5075F007873A8 /* AppIcon-Incorrect@2x.png */,
				B6B0E36E2EC5075F007873A8 /* AppIcon-Incorrect@3x.png */,
				B6B0E36F2EC5075F007873A8 /* AppIcon-Leaderboard.png */,
				B6B0E3702EC5075F007873A8 /* AppIcon-Leaderboard@2x.png */,
				B6B0E3712EC5075F007873A8 /* AppIcon-Leaderboard@3x.png */,
				B6B0E3722EC5075F007873A8 /* AppIcon-NewHighScore.png */,
				B6B0E3732EC5075F007873A8 /* AppIcon-NewHighScore@2x.png */,
				B6B0E3742EC5075F007873A8 /* AppIcon-NewHighScore@3x.png */,
				B6B0E3752EC5075F007873A8 /* AppIcon-RegularPose.png */,
				B6B0E3762EC5075F007873A8 /* AppIcon-RegularPose@2x.png */,
				B6B0E3772EC5075F007873A8 /* AppIcon-RegularPose@3x.png */,
				B68C5A882EBD2A5400C2A449 /* Fiz */,
				B68C5A742EBD2A4700C2A449 /* Fiz Tests */,
				B68C5A722EBD2A2A00C2A449 /* Fiz UITests */,
				B68C7EF32F1ECFE800B8C5C5 /* Frameworks */,
				B66F14D52E4B7DF200C426E5 /* Products */,
			);
			sourceTree = "<group>";
		};
		B66F14D52E4B7DF200C426E5 /* Products */ = {
			isa = PBXGroup;
			children = (
				B66F14D42E4B7DF200C426E5 /* Fiz.app */,
				B66F14E32E4B7DF400C426E5 /* FizTests.xctest */,
				B66F14ED2E4B7DF400C426E5 /* FizUITests.xctest */,
			);
			name = Products;
			sourceTree = "<group>";
		};
		B68C5A722EBD2A2A00C2A449 /* Fiz UITests */ = {
			isa = PBXGroup;
			children = (
				B68C5A972EBD408200C2A449 /* FizUITests.swift */,
				B68C5A982EBD408200C2A449 /* FizUITestsLaunchTests.swift */,
			);
			path = "Fiz UITests";
			sourceTree = "<group>";
		};
		B68C5A742EBD2A4700C2A449 /* Fiz Tests */ = {
			isa = PBXGroup;
			children = (
				B68C5A992EBD409000C2A449 /* FizTests.swift */,
			);
			path = "Fiz Tests";
			sourceTree = SOURCE_ROOT;
		};
		B68C5A762EBD2A5400C2A449 /* Models */ = {
			isa = PBXGroup;
			children = (
				B68C5A752EBD2A5400C2A449 /* TriviaModels.swift */,
			);
			path = Models;
			sourceTree = "<group>";
		};
		B68C5A792EBD2A5400C2A449 /* Resources */ = {
			isa = PBXGroup;
			children = (
				B66F02F52F0577EE007B0E79 /* Expansion Packs */,
				B68C5A772EBD2A5400C2A449 /* questions.json */,
				B66F02D32F02EDD8007B0E79 /* questions_expansions.json */,
			);
			path = Resources;
			sourceTree = "<group>";
		};
		B68C5A7D2EBD2A5400C2A449 /* Utils */ = {
			isa = PBXGroup;
			children = (
				B68C5A7A2EBD2A5400C2A449 /* AccessibilityHelpers.swift */,
				B699B5FB2EBE3CA4001AF50D /* ButtonStyles.swift */,
				B68C5A7B2EBD2A5400C2A449 /* FizColors.swift */,
				B68C5A7C2EBD2A5400C2A449 /* HapticManager.swift */,
				B6B0E35D2EC501BA007873A8 /* AnalyticsManager.swift */,
				B66F02EF2F05742A007B0E79 /* StoreManager.swift */,
				B66F03052F05A34E007B0E79 /* CartManager.swift */,
				B66F03062F05A34E007B0E79 /* DiscountCodeManager.swift */,
			);
			path = Utils;
			sourceTree = "<group>";
		};
		B68C5A7F2EBD2A5400C2A449 /* ViewModels */ = {
			isa = PBXGroup;
			children = (
				B68C5A7E2EBD2A5400C2A449 /* GameViewModel.swift */,
			);
			path = ViewModels;
			sourceTree = "<group>";
		};
		B68C5A842EBD2A5400C2A449 /* Views */ = {
			isa = PBXGroup;
			children = (
				B68C5A802EBD2A5400C2A449 /* CategoryWheelView.swift */,
				B68C5A812EBD2A5400C2A449 /* LeaderboardView.swift */,
				B68C5A822EBD2A5400C2A449 /* OnboardingView.swift */,
				B68C5A832EBD2A5400C2A449 /* SettingsView.swift */,
				B6E1CF712ED7B1380021D4B3 /* QuestionHistoryView.swift */,
				B66F02B42EFC370C007B0E79 /* QuestionContentView.swift */,
				B66F02B52EFC370C007B0E79 /* QuestionModalView.swift */,
				B66F02B62EFC370C007B0E79 /* ResultContentView.swift */,
				B66F02CA2F006EE2007B0E79 /* Settings */,
				B66F02DD2F04BE1C007B0E79 /* SecondaryOnboardingView.swift */,
				B66F02DE2F04BE1C007B0E79 /* WhatsNewView.swift */,
				B66F02F12F057440007B0E79 /* StoreView.swift */,
				B66F03092F05A356007B0E79 /* CartView.swift */,
			);
			path = Views;
			sourceTree = "<group>";
		};
		B68C5A882EBD2A5400C2A449 /* Fiz */ = {
			isa = PBXGroup;
			children = (
				B699B6012EBE4A79001AF50D /* Info.plist */,
				B68C5A762EBD2A5400C2A449 /* Models */,
				B68C5A792EBD2A5400C2A449 /* Resources */,
				B68C5A7D2EBD2A5400C2A449 /* Utils */,
				B68C5A7F2EBD2A5400C2A449 /* ViewModels */,
				B68C5A842EBD2A5400C2A449 /* Views */,
				B68C5A852EBD2A5400C2A449 /* Assets.xcassets */,
				B66F02F32F057461007B0E79 /* Configuration.storekit */,
				B68C5A862EBD2A5400C2A449 /* ContentView.swift */,
				B68C5A9A2EBD409B00C2A449 /* FizApp.swift */,
			);
			path = Fiz;
			sourceTree = "<group>";
		};
		B68C7EF32F1ECFE800B8C5C5 /* Frameworks */ = {
			isa = PBXGroup;
			children = (
				B68C7EF42F1ECFE800B8C5C5 /* StoreKit.framework */,
			);
			name = Frameworks;
			sourceTree = "<group>";
		};
/* End PBXGroup section */

/* Begin PBXNativeTarget section */
		B66F14D32E4B7DF200C426E5 /* Fiz */ = {
			isa = PBXNativeTarget;
			buildConfigurationList = B66F14F72E4B7DF400C426E5 /* Build configuration list for PBXNativeTarget "Fiz" */;
			buildPhases = (
				B66F14D02E4B7DF200C426E5 /* Sources */,
				B66F14D12E4B7DF200C426E5 /* Frameworks */,
				B66F14D22E4B7DF200C426E5 /* Resources */,
			);
			buildRules = (
			);
			dependencies = (
			);
			fileSystemSynchronizedGroups = (
				B66F02F52F0577EE007B0E79 /* Expansion Packs */,
			);
			name = Fiz;
			packageProductDependencies = (
				B6B0E35B2EC5018C007873A8 /* PostHog */,
			);
			productName = "E5 Trivia";
			productReference = B66F14D42E4B7DF200C426E5 /* Fiz.app */;
			productType = "com.apple.product-type.application";
		};
		B66F14E22E4B7DF400C426E5 /* FizTests */ = {
			isa = PBXNativeTarget;
			buildConfigurationList = B66F14FA2E4B7DF400C426E5 /* Build configuration list for PBXNativeTarget "FizTests" */;
			buildPhases = (
				B66F14DF2E4B7DF400C426E5 /* Sources */,
				B66F14E02E4B7DF400C426E5 /* Frameworks */,
				B66F14E12E4B7DF400C426E5 /* Resources */,
			);
			buildRules = (
			);
			dependencies = (
				B66F14E52E4B7DF400C426E5 /* PBXTargetDependency */,
			);
			name = FizTests;
			packageProductDependencies = (
			);
			productName = "E5 TriviaTests";
			productReference = B66F14E32E4B7DF400C426E5 /* FizTests.xctest */;
			productType = "com.apple.product-type.bundle.unit-test";
		};
		B66F14EC2E4B7DF400C426E5 /* FizUITests */ = {
			isa = PBXNativeTarget;
			buildConfigurationList = B66F14FD2E4B7DF400C426E5 /* Build configuration list for PBXNativeTarget "FizUITests" */;
			buildPhases = (
				B66F14E92E4B7DF400C426E5 /* Sources */,
				B66F14EA2E4B7DF400C426E5 /* Frameworks */,
				B66F14EB2E4B7DF400C426E5 /* Resources */,
			);
			buildRules = (
			);
			dependencies = (
				B66F14EF2E4B7DF400C426E5 /* PBXTargetDependency */,
			);
			name = FizUITests;
			packageProductDependencies = (
			);
			productName = "E5 TriviaUITests";
			productReference = B66F14ED2E4B7DF400C426E5 /* FizUITests.xctest */;
			productType = "com.apple.product-type.bundle.ui-testing";
		};
/* End PBXNativeTarget section */

/* Begin PBXProject section */
		B66F14CC2E4B7DF200C426E5 /* Project object */ = {
			isa = PBXProject;
			attributes = {
				BuildIndependentTargetsInParallel = 1;
				LastSwiftUpdateCheck = 1640;
				LastUpgradeCheck = 2600;
				TargetAttributes = {
					B66F14D32E4B7DF200C426E5 = {
						CreatedOnToolsVersion = 16.4;
					};
					B66F14E22E4B7DF400C426E5 = {
						CreatedOnToolsVersion = 16.4;
						TestTargetID = B66F14D32E4B7DF200C426E5;
					};
					B66F14EC2E4B7DF400C426E5 = {
						CreatedOnToolsVersion = 16.4;
						TestTargetID = B66F14D32E4B7DF200C426E5;
					};
				};
			};
			buildConfigurationList = B66F14CF2E4B7DF200C426E5 /* Build configuration list for PBXProject "Fiz" */;
			developmentRegion = en;
			hasScannedForEncodings = 0;
			knownRegions = (
				en,
				Base,
			);
			mainGroup = B66F14CB2E4B7DF200C426E5;
			minimizedProjectReferenceProxies = 1;
			packageReferences = (
				B6B0E35A2EC5018C007873A8 /* XCRemoteSwiftPackageReference "posthog-ios" */,
			);
			preferredProjectObjectVersion = 77;
			productRefGroup = B66F14D52E4B7DF200C426E5 /* Products */;
			projectDirPath = "";
			projectRoot = "";
			targets = (
				B66F14D32E4B7DF200C426E5 /* Fiz */,
				B66F14E22E4B7DF400C426E5 /* FizTests */,
				B66F14EC2E4B7DF400C426E5 /* FizUITests */,
			);
		};
/* End PBXProject section */

/* Begin PBXResourcesBuildPhase section */
		B66F14D22E4B7DF200C426E5 /* Resources */ = {
			isa = PBXResourcesBuildPhase;
			buildActionMask = 2147483647;
			files = (
				B68C5A962EBD2C8800C2A449 /* Assets.xcassets in Resources */,
				B68C5A8B2EBD2BB200C2A449 /* questions.json in Resources */,
				B6B0E3782EC5075F007873A8 /* AppIcon-NewHighScore.png in Resources */,
				B6B0E3792EC5075F007873A8 /* AppIcon-Leaderboard@2x.png in Resources */,
				B6B0E37A2EC5075F007873A8 /* AppIcon-HappySmirk@3x.png in Resources */,
				B6B0E37B2EC5075F007873A8 /* AppIcon-NewHighScore@2x.png in Resources */,
				B6B0E37C2EC5075F007873A8 /* AppIcon-RegularPose@3x.png in Resources */,
				B6B0E37D2EC5075F007873A8 /* AppIcon-HappySmirk@2x.png in Resources */,
				B6B0E37E2EC5075F007873A8 /* AppIcon-Incorrect.png in Resources */,
				B6B0E37F2EC5075F007873A8 /* AppIcon-Leaderboard@3x.png in Resources */,
				B6B0E3802EC5075F007873A8 /* AppIcon-RegularPose@2x.png in Resources */,
				B6B0E3812EC5075F007873A8 /* AppIcon-Leaderboard.png in Resources */,
				B66F02F42F057461007B0E79 /* Configuration.storekit in Resources */,
				B6B0E3822EC5075F007873A8 /* AppIcon-HappySmirk.png in Resources */,
				B6B0E3832EC5075F007873A8 /* AppIcon-Incorrect@3x.png in Resources */,
				B6B0E3842EC5075F007873A8 /* AppIcon-NewHighScore@3x.png in Resources */,
				B66F02D42F02EDD8007B0E79 /* questions_expansions.json in Resources */,
				B6B0E3852EC5075F007873A8 /* AppIcon-RegularPose.png in Resources */,
				B6B0E3862EC5075F007873A8 /* AppIcon-Incorrect@2x.png in Resources */,
			);
			runOnlyForDeploymentPostprocessing = 0;
		};
		B66F14E12E4B7DF400C426E5 /* Resources */ = {
			isa = PBXResourcesBuildPhase;
			buildActionMask = 2147483647;
			files = (
			);
			runOnlyForDeploymentPostprocessing = 0;
		};
		B66F14EB2E4B7DF400C426E5 /* Resources */ = {
			isa = PBXResourcesBuildPhase;
			buildActionMask = 2147483647;
			files = (
			);
			runOnlyForDeploymentPostprocessing = 0;
		};
/* End PBXResourcesBuildPhase section */

/* Begin PBXSourcesBuildPhase section */
		B66F14D02E4B7DF200C426E5 /* Sources */ = {
			isa = PBXSourcesBuildPhase;
			buildActionMask = 2147483647;
			files = (
				B68C5A922EBD2BD700C2A449 /* LeaderboardView.swift in Sources */,
				B66F02B72EFC370C007B0E79 /* QuestionModalView.swift in Sources */,
				B66F02B82EFC370C007B0E79 /* QuestionContentView.swift in Sources */,
				B66F02B92EFC370C007B0E79 /* ResultContentView.swift in Sources */,
				B66F03072F05A34E007B0E79 /* DiscountCodeManager.swift in Sources */,
				B66F03082F05A34E007B0E79 /* CartManager.swift in Sources */,
				B699B5FC2EBE3CA4001AF50D /* ButtonStyles.swift in Sources */,
				B68C5A952EBD2BE300C2A449 /* ContentView.swift in Sources */,
				B68C5A902EBD2BCF00C2A449 /* GameViewModel.swift in Sources */,
				B66F02DF2F04BE1C007B0E79 /* SecondaryOnboardingView.swift in Sources */,
				B66F02E02F04BE1C007B0E79 /* WhatsNewView.swift in Sources */,
				B66F02DC2F043F6E007B0E79 /* PhobiaSettingsView.swift in Sources */,
				B68C5A9B2EBD409B00C2A449 /* FizApp.swift in Sources */,
				B68C5A8A2EBD2BA700C2A449 /* TriviaModels.swift in Sources */,
				B68C5A932EBD2BDB00C2A449 /* OnboardingView.swift in Sources */,
				B68C5A8F2EBD2BC500C2A449 /* HapticManager.swift in Sources */,
				B66F02F22F057440007B0E79 /* StoreView.swift in Sources */,
				B66F02CB2F006EE2007B0E79 /* GameProgressSettingsView.swift in Sources */,
				B66F02CC2F006EE2007B0E79 /* AppIconSettingsView.swift in Sources */,
				B66F030A2F05A356007B0E79 /* CartView.swift in Sources */,
				B66F02CD2F006EE2007B0E79 /* UsernameSettingsView.swift in Sources */,
				B66F02CE2F006EE2007B0E79 /* DifficultySettingsView.swift in Sources */,
				B66F02CF2F006EE2007B0E79 /* AnalyticsSettingsView.swift in Sources */,
				B66F02D02F006EE2007B0E79 /* PopupDurationSettingsView.swift in Sources */,
				B66F02D12F006EE2007B0E79 /* HapticsSettingsView.swift in Sources */,
				B66F02D22F006EE2007B0E79 /* GameModesSettingsView.swift in Sources */,
				B68C5A942EBD2BDF00C2A449 /* SettingsView.swift in Sources */,
				B6E1CF722ED7B1380021D4B3 /* QuestionHistoryView.swift in Sources */,
				B68C5A8E2EBD2BC100C2A449 /* FizColors.swift in Sources */,
				B6B0E35E2EC501BA007873A8 /* AnalyticsManager.swift in Sources */,
				B66F02F02F05742A007B0E79 /* StoreManager.swift in Sources */,
				B68C5A912EBD2BD300C2A449 /* CategoryWheelView.swift in Sources */,
				B68C5A8D2EBD2BBC00C2A449 /* AccessibilityHelpers.swift in Sources */,
			);
			runOnlyForDeploymentPostprocessing = 0;
		};
		B66F14DF2E4B7DF400C426E5 /* Sources */ = {
			isa = PBXSourcesBuildPhase;
			buildActionMask = 2147483647;
			files = (
			);
			runOnlyForDeploymentPostprocessing = 0;
		};
		B66F14E92E4B7DF400C426E5 /* Sources */ = {
			isa = PBXSourcesBuildPhase;
			buildActionMask = 2147483647;
			files = (
			);
			runOnlyForDeploymentPostprocessing = 0;
		};
/* End PBXSourcesBuildPhase section */

/* Begin PBXTargetDependency section */
		B66F14E52E4B7DF400C426E5 /* PBXTargetDependency */ = {
			isa = PBXTargetDependency;
			target = B66F14D32E4B7DF200C426E5 /* Fiz */;
			targetProxy = B66F14E42E4B7DF400C426E5 /* PBXContainerItemProxy */;
		};
		B66F14EF2E4B7DF400C426E5 /* PBXTargetDependency */ = {
			isa = PBXTargetDependency;
			target = B66F14D32E4B7DF200C426E5 /* Fiz */;
			targetProxy = B66F14EE2E4B7DF400C426E5 /* PBXContainerItemProxy */;
		};
/* End PBXTargetDependency section */

/* Begin XCBuildConfiguration section */
		B66F14F52E4B7DF400C426E5 /* Debug */ = {
			isa = XCBuildConfiguration;
			buildSettings = {
				ALWAYS_SEARCH_USER_PATHS = NO;
				ASSETCATALOG_COMPILER_GENERATE_SWIFT_ASSET_SYMBOL_EXTENSIONS = YES;
				CLANG_ANALYZER_NONNULL = YES;
				CLANG_ANALYZER_NUMBER_OBJECT_CONVERSION = YES_AGGRESSIVE;
				CLANG_CXX_LANGUAGE_STANDARD = "gnu++20";
				CLANG_ENABLE_MODULES = YES;
				CLANG_ENABLE_OBJC_ARC = YES;
				CLANG_ENABLE_OBJC_WEAK = YES;
				CLANG_WARN_BLOCK_CAPTURE_AUTORELEASING = YES;
				CLANG_WARN_BOOL_CONVERSION = YES;
				CLANG_WARN_COMMA = YES;
				CLANG_WARN_CONSTANT_CONVERSION = YES;
				CLANG_WARN_DEPRECATED_OBJC_IMPLEMENTATIONS = YES;
				CLANG_WARN_DIRECT_OBJC_ISA_USAGE = YES_ERROR;
				CLANG_WARN_DOCUMENTATION_COMMENTS = YES;
				CLANG_WARN_EMPTY_BODY = YES;
				CLANG_WARN_ENUM_CONVERSION = YES;
				CLANG_WARN_INFINITE_RECURSION = YES;
				CLANG_WARN_INT_CONVERSION = YES;
				CLANG_WARN_NON_LITERAL_NULL_CONVERSION = YES;
				CLANG_WARN_OBJC_IMPLICIT_RETAIN_SELF = YES;
				CLANG_WARN_OBJC_LITERAL_CONVERSION = YES;
				CLANG_WARN_OBJC_ROOT_CLASS = YES_ERROR;
				CLANG_WARN_QUOTED_INCLUDE_IN_FRAMEWORK_HEADER = YES;
				CLANG_WARN_RANGE_LOOP_ANALYSIS = YES;
				CLANG_WARN_STRICT_PROTOTYPES = YES;
				CLANG_WARN_SUSPICIOUS_MOVE = YES;
				CLANG_WARN_UNGUARDED_AVAILABILITY = YES_AGGRESSIVE;
				CLANG_WARN_UNREACHABLE_CODE = YES;
				CLANG_WARN__DUPLICATE_METHOD_MATCH = YES;
				COPY_PHASE_STRIP = NO;
				DEBUG_INFORMATION_FORMAT = dwarf;
				ENABLE_STRICT_OBJC_MSGSEND = YES;
				ENABLE_TESTABILITY = YES;
				ENABLE_USER_SCRIPT_SANDBOXING = YES;
				GCC_C_LANGUAGE_STANDARD = gnu17;
				GCC_DYNAMIC_NO_PIC = NO;
				GCC_NO_COMMON_BLOCKS = YES;
				GCC_OPTIMIZATION_LEVEL = 0;
				GCC_PREPROCESSOR_DEFINITIONS = (
					"DEBUG=1",
					"$(inherited)",
				);
				GCC_WARN_64_TO_32_BIT_CONVERSION = YES;
				GCC_WARN_ABOUT_RETURN_TYPE = YES_ERROR;
				GCC_WARN_UNDECLARED_SELECTOR = YES;
				GCC_WARN_UNINITIALIZED_AUTOS = YES_AGGRESSIVE;
				GCC_WARN_UNUSED_FUNCTION = YES;
				GCC_WARN_UNUSED_VARIABLE = YES;
				IPHONEOS_DEPLOYMENT_TARGET = 18.5;
				LOCALIZATION_PREFERS_STRING_CATALOGS = YES;
				MTL_ENABLE_DEBUG_INFO = INCLUDE_SOURCE;
				MTL_FAST_MATH = YES;
				ONLY_ACTIVE_ARCH = YES;
				SDKROOT = iphoneos;
				STRING_CATALOG_GENERATE_SYMBOLS = YES;
				SWIFT_ACTIVE_COMPILATION_CONDITIONS = "DEBUG $(inherited)";
				SWIFT_OPTIMIZATION_LEVEL = "-Onone";
			};
			name = Debug;
		};
		B66F14F62E4B7DF400C426E5 /* Release */ = {
			isa = XCBuildConfiguration;
			buildSettings = {
				ALWAYS_SEARCH_USER_PATHS = NO;
				ASSETCATALOG_COMPILER_GENERATE_SWIFT_ASSET_SYMBOL_EXTENSIONS = YES;
				CLANG_ANALYZER_NONNULL = YES;
				CLANG_ANALYZER_NUMBER_OBJECT_CONVERSION = YES_AGGRESSIVE;
				CLANG_CXX_LANGUAGE_STANDARD = "gnu++20";
				CLANG_ENABLE_MODULES = YES;
				CLANG_ENABLE_OBJC_ARC = YES;
				CLANG_ENABLE_OBJC_WEAK = YES;
				CLANG_WARN_BLOCK_CAPTURE_AUTORELEASING = YES;
				CLANG_WARN_BOOL_CONVERSION = YES;
				CLANG_WARN_COMMA = YES;
				CLANG_WARN_CONSTANT_CONVERSION = YES;
				CLANG_WARN_DEPRECATED_OBJC_IMPLEMENTATIONS = YES;
				CLANG_WARN_DIRECT_OBJC_ISA_USAGE = YES_ERROR;
				CLANG_WARN_DOCUMENTATION_COMMENTS = YES;
				CLANG_WARN_EMPTY_BODY = YES;
				CLANG_WARN_ENUM_CONVERSION = YES;
				CLANG_WARN_INFINITE_RECURSION = YES;
				CLANG_WARN_INT_CONVERSION = YES;
				CLANG_WARN_NON_LITERAL_NULL_CONVERSION = YES;
				CLANG_WARN_OBJC_IMPLICIT_RETAIN_SELF = YES;
				CLANG_WARN_OBJC_LITERAL_CONVERSION = YES;
				CLANG_WARN_OBJC_ROOT_CLASS = YES_ERROR;
				CLANG_WARN_QUOTED_INCLUDE_IN_FRAMEWORK_HEADER = YES;
				CLANG_WARN_RANGE_LOOP_ANALYSIS = YES;
				CLANG_WARN_STRICT_PROTOTYPES = YES;
				CLANG_WARN_SUSPICIOUS_MOVE = YES;
				CLANG_WARN_UNGUARDED_AVAILABILITY = YES_AGGRESSIVE;
				CLANG_WARN_UNREACHABLE_CODE = YES;
				CLANG_WARN__DUPLICATE_METHOD_MATCH = YES;
				COPY_PHASE_STRIP = NO;
				DEBUG_INFORMATION_FORMAT = "dwarf-with-dsym";
				ENABLE_NS_ASSERTIONS = NO;
				ENABLE_STRICT_OBJC_MSGSEND = YES;
				ENABLE_USER_SCRIPT_SANDBOXING = YES;
				GCC_C_LANGUAGE_STANDARD = gnu17;
				GCC_NO_COMMON_BLOCKS = YES;
				GCC_WARN_64_TO_32_BIT_CONVERSION = YES;
				GCC_WARN_ABOUT_RETURN_TYPE = YES_ERROR;
				GCC_WARN_UNDECLARED_SELECTOR = YES;
				GCC_WARN_UNINITIALIZED_AUTOS = YES_AGGRESSIVE;
				GCC_WARN_UNUSED_FUNCTION = YES;
				GCC_WARN_UNUSED_VARIABLE = YES;
				IPHONEOS_DEPLOYMENT_TARGET = 18.5;
				LOCALIZATION_PREFERS_STRING_CATALOGS = YES;
				MTL_ENABLE_DEBUG_INFO = NO;
				MTL_FAST_MATH = YES;
				SDKROOT = iphoneos;
				STRING_CATALOG_GENERATE_SYMBOLS = YES;
				SWIFT_COMPILATION_MODE = wholemodule;
				VALIDATE_PRODUCT = YES;
			};
			name = Release;
		};
		B66F14F82E4B7DF400C426E5 /* Debug */ = {
			isa = XCBuildConfiguration;
			buildSettings = {
				ASSETCATALOG_COMPILER_APPICON_NAME = AppIcon;
				ASSETCATALOG_COMPILER_GLOBAL_ACCENT_COLOR_NAME = AccentColor;
				CODE_SIGN_STYLE = Automatic;
				CURRENT_PROJECT_VERSION = 7;
				DEVELOPMENT_TEAM = Z5476SBJVC;
				ENABLE_PREVIEWS = YES;
				GENERATE_INFOPLIST_FILE = YES;
				INFOPLIST_FILE = Fiz/Info.plist;
				INFOPLIST_KEY_CFBundleDisplayName = Fiz;
				INFOPLIST_KEY_LSApplicationCategoryType = "public.app-category.trivia-games";
				INFOPLIST_KEY_UIApplicationSceneManifest_Generation = YES;
				INFOPLIST_KEY_UIApplicationSupportsIndirectInputEvents = YES;
				INFOPLIST_KEY_UILaunchScreen_Generation = YES;
				INFOPLIST_KEY_UISupportedInterfaceOrientations = UIInterfaceOrientationPortrait;
				IPHONEOS_DEPLOYMENT_TARGET = 17.6;
				LD_RUNPATH_SEARCH_PATHS = (
					"$(inherited)",
					"@executable_path/Frameworks",
				);
				MARKETING_VERSION = 1.2.0;
				PRODUCT_BUNDLE_IDENTIFIER = colbyacorcoran.Fiz;
				PRODUCT_NAME = "$(TARGET_NAME)";
				SUPPORTED_PLATFORMS = "iphoneos iphonesimulator";
				SUPPORTS_MACCATALYST = NO;
				SUPPORTS_MAC_DESIGNED_FOR_IPHONE_IPAD = NO;
				SUPPORTS_XR_DESIGNED_FOR_IPHONE_IPAD = NO;
				SWIFT_EMIT_LOC_STRINGS = YES;
				SWIFT_VERSION = 5.0;
				TARGETED_DEVICE_FAMILY = "1,2";
			};
			name = Debug;
		};
		B66F14F92E4B7DF400C426E5 /* Release */ = {
			isa = XCBuildConfiguration;
			buildSettings = {
				ASSETCATALOG_COMPILER_APPICON_NAME = AppIcon;
				ASSETCATALOG_COMPILER_GLOBAL_ACCENT_COLOR_NAME = AccentColor;
				CODE_SIGN_STYLE = Automatic;
				CURRENT_PROJECT_VERSION = 7;
				DEVELOPMENT_TEAM = Z5476SBJVC;
				ENABLE_PREVIEWS = YES;
				GENERATE_INFOPLIST_FILE = YES;
				INFOPLIST_FILE = Fiz/Info.plist;
				INFOPLIST_KEY_CFBundleDisplayName = Fiz;
				INFOPLIST_KEY_LSApplicationCategoryType = "public.app-category.trivia-games";
				INFOPLIST_KEY_UIApplicationSceneManifest_Generation = YES;
				INFOPLIST_KEY_UIApplicationSupportsIndirectInputEvents = YES;
				INFOPLIST_KEY_UILaunchScreen_Generation = YES;
				INFOPLIST_KEY_UISupportedInterfaceOrientations = UIInterfaceOrientationPortrait;
				IPHONEOS_DEPLOYMENT_TARGET = 17.6;
				LD_RUNPATH_SEARCH_PATHS = (
					"$(inherited)",
					"@executable_path/Frameworks",
				);
				MARKETING_VERSION = 1.2.0;
				PRODUCT_BUNDLE_IDENTIFIER = colbyacorcoran.Fiz;
				PRODUCT_NAME = "$(TARGET_NAME)";
				SUPPORTED_PLATFORMS = "iphoneos iphonesimulator";
				SUPPORTS_MACCATALYST = NO;
				SUPPORTS_MAC_DESIGNED_FOR_IPHONE_IPAD = NO;
				SUPPORTS_XR_DESIGNED_FOR_IPHONE_IPAD = NO;
				SWIFT_EMIT_LOC_STRINGS = YES;
				SWIFT_VERSION = 5.0;
				TARGETED_DEVICE_FAMILY = "1,2";
			};
			name = Release;
		};
		B66F14FB2E4B7DF400C426E5 /* Debug */ = {
			isa = XCBuildConfiguration;
			buildSettings = {
				BUNDLE_LOADER = "$(TEST_HOST)";
				CODE_SIGN_STYLE = Automatic;
				CURRENT_PROJECT_VERSION = 1;
				GENERATE_INFOPLIST_FILE = YES;
				IPHONEOS_DEPLOYMENT_TARGET = 18.5;
				MARKETING_VERSION = 1.0;
				PRODUCT_BUNDLE_IDENTIFIER = colbyacorcoran.FizTests;
				PRODUCT_NAME = "$(TARGET_NAME)";
				SWIFT_EMIT_LOC_STRINGS = NO;
				SWIFT_VERSION = 5.0;
				TARGETED_DEVICE_FAMILY = "1,2";
				TEST_HOST = "$(BUILT_PRODUCTS_DIR)/Fiz.app/$(BUNDLE_EXECUTABLE_FOLDER_PATH)/Fiz";
			};
			name = Debug;
		};
		B66F14FC2E4B7DF400C426E5 /* Release */ = {
			isa = XCBuildConfiguration;
			buildSettings = {
				BUNDLE_LOADER = "$(TEST_HOST)";
				CODE_SIGN_STYLE = Automatic;
				CURRENT_PROJECT_VERSION = 1;
				GENERATE_INFOPLIST_FILE = YES;
				IPHONEOS_DEPLOYMENT_TARGET = 18.5;
				MARKETING_VERSION = 1.0;
				PRODUCT_BUNDLE_IDENTIFIER = colbyacorcoran.FizTests;
				PRODUCT_NAME = "$(TARGET_NAME)";
				SWIFT_EMIT_LOC_STRINGS = NO;
				SWIFT_VERSION = 5.0;
				TARGETED_DEVICE_FAMILY = "1,2";
				TEST_HOST = "$(BUILT_PRODUCTS_DIR)/Fiz.app/$(BUNDLE_EXECUTABLE_FOLDER_PATH)/Fiz";
			};
			name = Release;
		};
		B66F14FE2E4B7DF400C426E5 /* Debug */ = {
			isa = XCBuildConfiguration;
			buildSettings = {
				CODE_SIGN_STYLE = Automatic;
				CURRENT_PROJECT_VERSION = 1;
				GENERATE_INFOPLIST_FILE = YES;
				MARKETING_VERSION = 1.0;
				PRODUCT_BUNDLE_IDENTIFIER = colbyacorcoran.FizUITests;
				PRODUCT_NAME = "$(TARGET_NAME)";
				SWIFT_EMIT_LOC_STRINGS = NO;
				SWIFT_VERSION = 5.0;
				TARGETED_DEVICE_FAMILY = "1,2";
				TEST_TARGET_NAME = "E5 Trivia";
			};
			name = Debug;
		};
		B66F14FF2E4B7DF400C426E5 /* Release */ = {
			isa = XCBuildConfiguration;
			buildSettings = {
				CODE_SIGN_STYLE = Automatic;
				CURRENT_PROJECT_VERSION = 1;
				GENERATE_INFOPLIST_FILE = YES;
				MARKETING_VERSION = 1.0;
				PRODUCT_BUNDLE_IDENTIFIER = colbyacorcoran.FizUITests;
				PRODUCT_NAME = "$(TARGET_NAME)";
				SWIFT_EMIT_LOC_STRINGS = NO;
				SWIFT_VERSION = 5.0;
				TARGETED_DEVICE_FAMILY = "1,2";
				TEST_TARGET_NAME = "E5 Trivia";
			};
			name = Release;
		};
/* End XCBuildConfiguration section */

/* Begin XCConfigurationList section */
		B66F14CF2E4B7DF200C426E5 /* Build configuration list for PBXProject "Fiz" */ = {
			isa = XCConfigurationList;
			buildConfigurations = (
				B66F14F52E4B7DF400C426E5 /* Debug */,
				B66F14F62E4B7DF400C426E5 /* Release */,
			);
			defaultConfigurationIsVisible = 0;
			defaultConfigurationName = Release;
		};
		B66F14F72E4B7DF400C426E5 /* Build configuration list for PBXNativeTarget "Fiz" */ = {
			isa = XCConfigurationList;
			buildConfigurations = (
				B66F14F82E4B7DF400C426E5 /* Debug */,
				B66F14F92E4B7DF400C426E5 /* Release */,
			);
			defaultConfigurationIsVisible = 0;
			defaultConfigurationName = Release;
		};
		B66F14FA2E4B7DF400C426E5 /* Build configuration list for PBXNativeTarget "FizTests" */ = {
			isa = XCConfigurationList;
			buildConfigurations = (
				B66F14FB2E4B7DF400C426E5 /* Debug */,
				B66F14FC2E4B7DF400C426E5 /* Release */,
			);
			defaultConfigurationIsVisible = 0;
			defaultConfigurationName = Release;
		};
		B66F14FD2E4B7DF400C426E5 /* Build configuration list for PBXNativeTarget "FizUITests" */ = {
			isa = XCConfigurationList;
			buildConfigurations = (
				B66F14FE2E4B7DF400C426E5 /* Debug */,
				B66F14FF2E4B7DF400C426E5 /* Release */,
			);
			defaultConfigurationIsVisible = 0;
			defaultConfigurationName = Release;
		};
/* End XCConfigurationList section */

/* Begin XCRemoteSwiftPackageReference section */
		B6B0E35A2EC5018C007873A8 /* XCRemoteSwiftPackageReference "posthog-ios" */ = {
			isa = XCRemoteSwiftPackageReference;
			repositoryURL = "https://github.com/PostHog/posthog-ios";
			requirement = {
				kind = upToNextMajorVersion;
				minimumVersion = 3.0.0;
			};
		};
/* End XCRemoteSwiftPackageReference section */

/* Begin XCSwiftPackageProductDependency section */
		B6B0E35B2EC5018C007873A8 /* PostHog */ = {
			isa = XCSwiftPackageProductDependency;
			package = B6B0E35A2EC5018C007873A8 /* XCRemoteSwiftPackageReference "posthog-ios" */;
			productName = PostHog;
		};
/* End XCSwiftPackageProductDependency section */
	};
	rootObject = B66F14CC2E4B7DF200C426E5 /* Project object */;
}
