{
  "originHash" : "a2fc303e4b16c93c972ef2ddc4042cf91a9400e5d1639bc9740a80c0336cdd4e",
  "pins" : [
    {
      "identity" : "posthog-ios",
      "kind" : "remoteSourceControl",
      "location" : "https://github.com/PostHog/posthog-ios",
      "state" : {
        "revision" : "b71b7b1ba861391377d01251479530b938881ce0",
        "version" : "3.35.0"
      }
    }
  ],
  "version" : 3
}
